
Microsoft Visual Studio Solution File, Format Version 12.00
# Visual Studio 15
VisualStudioVersion = 15.0.27004.2010
MinimumVisualStudioVersion = 10.0.40219.1
Project("{FAE04EC0-301F-11D3-BF4B-00C04F79EFBC}") = "CharityEngine_Q2", "CharityEngine_Q2\CharityEngine_Q2.csproj", "{23E3E146-0220-419B-BE61-735A2DE6F6C9}"
EndProject
Global
	GlobalSection(SolutionConfigurationPlatforms) = preSolution
		Debug|Any CPU = Debug|Any CPU
		Release|Any CPU = Release|Any CPU
	EndGlobalSection
	GlobalSection(ProjectConfigurationPlatforms) = postSolution
		{23E3E146-0220-419B-BE61-735A2DE6F6C9}.Debug|Any CPU.ActiveCfg = Debug|Any CPU
		{23E3E146-0220-419B-BE61-735A2DE6F6C9}.Debug|Any CPU.Build.0 = Debug|Any CPU
		{23E3E146-0220-419B-BE61-735A2DE6F6C9}.Release|Any CPU.ActiveCfg = Release|Any CPU
		{23E3E146-0220-419B-BE61-735A2DE6F6C9}.Release|Any CPU.Build.0 = Release|Any CPU
	EndGlobalSection
	GlobalSection(SolutionProperties) = preSolution
		HideSolutionNode = FALSE
	EndGlobalSection
	GlobalSection(ExtensibilityGlobals) = postSolution
		SolutionGuid = {B59279CB-109E-4220-AAEB-5BDA8DCBBD8B}
	EndGlobalSection
EndGlobal
